// !$*UTF8*$!
{
	archiveVersion = 1;
	classes = {
	};
	objectVersion = 46;
	objects = {

/* Begin PBXBuildFile section */
		A495AC6D1CA8E5A200A53AD5 /* AppDelegate.swift in Sources */ = {isa = PBXBuildFile; fileRef = A495AC6C1CA8E5A200A53AD5 /* AppDelegate.swift */; };
		A495AC6F1CA8E5A200A53AD5 /* ViewController.swift in Sources */ = {isa = PBXBuildFile; fileRef = A495AC6E1CA8E5A200A53AD5 /* ViewController.swift */; };
		A495AC721CA8E5A300A53AD5 /* Main.storyboard in Resources */ = {isa = PBXBuildFile; fileRef = A495AC701CA8E5A300A53AD5 /* Main.storyboard */; };
		A495AC741CA8E5A500A53AD5 /* Assets.xcassets in Resources */ = {isa = PBXBuildFile; fileRef = A495AC731CA8E5A500A53AD5 /* Assets.xcassets */; };
		A495AC771CA8E5A500A53AD5 /* LaunchScreen.storyboard in Resources */ = {isa = PBXBuildFile; fileRef = A495AC751CA8E5A500A53AD5 /* LaunchScreen.storyboard */; };
		A495AC821CA8E5AA00A53AD5 /* burgersTests.swift in Sources */ = {isa = PBXBuildFile; fileRef = A495AC811CA8E5AA00A53AD5 /* burgersTests.swift */; };
		A495AC8D1CA8E82200A53AD5 /* Datos.swift in Sources */ = {isa = PBXBuildFile; fileRef = A495AC8C1CA8E82200A53AD5 /* Datos.swift */; };
/* End PBXBuildFile section */

/* Begin PBXContainerItemProxy section */
		A495AC7E1CA8E5AA00A53AD5 /* PBXContainerItemProxy */ = {
			isa = PBXContainerItemProxy;
			containerPortal = A495AC611CA8E59F00A53AD5 /* Project object */;
			proxyType = 1;
			remoteGlobalIDString = A495AC681CA8E5A000A53AD5;
			remoteInfo = burgers;
		};
/* End PBXContainerItemProxy section */

/* Begin PBXFileReference section */
		A495AC691CA8E5A100A53AD5 /* burgers.app */ = {isa = PBXFileReference; explicitFileType = wrapper.application; includeInIndex = 0; path = burgers.app; sourceTree = BUILT_PRODUCTS_DIR; };
		A495AC6C1CA8E5A200A53AD5 /* AppDelegate.swift */ = {isa = PBXFileReference; lastKnownFileType = sourcecode.swift; path = AppDelegate.swift; sourceTree = "<group>"; };
		A495AC6E1CA8E5A200A53AD5 /* ViewController.swift */ = {isa = PBXFileReference; lastKnownFileType = sourcecode.swift; path = ViewController.swift; sourceTree = "<group>"; };
		A495AC711CA8E5A300A53AD5 /* Base */ = {isa = PBXFileReference; lastKnownFileType = file.storyboard; name = Base; path = Base.lproj/Main.storyboard; sourceTree = "<group>"; };
		A495AC731CA8E5A500A53AD5 /* Assets.xcassets */ = {isa = PBXFileReference; lastKnownFileType = folder.assetcatalog; path = Assets.xcassets; sourceTree = "<group>"; };
		A495AC761CA8E5A500A53AD5 /* Base */ = {isa = PBXFileReference; lastKnownFileType = file.storyboard; name = Base; path = Base.lproj/LaunchScreen.storyboard; sourceTree = "<group>"; };
		A495AC781CA8E5A700A53AD5 /* Info.plist */ = {isa = PBXFileReference; lastKnownFileType = text.plist.xml; path = Info.plist; sourceTree = "<group>"; };
		A495AC7D1CA8E5AA00A53AD5 /* burgersTests.xctest */ = {isa = PBXFileReference; explicitFileType = wrapper.cfbundle; includeInIndex = 0; path = burgersTests.xctest; sourceTree = BUILT_PRODUCTS_DIR; };
		A495AC811CA8E5AA00A53AD5 /* burgersTests.swift */ = {isa = PBXFileReference; lastKnownFileType = sourcecode.swift; path = burgersTests.swift; sourceTree = "<group>"; };
		A495AC831CA8E5AB00A53AD5 /* Info.plist */ = {isa = PBXFileReference; lastKnownFileType = text.plist.xml; path = Info.plist; sourceTree = "<group>"; };
		A495AC8C1CA8E82200A53AD5 /* Datos.swift */ = {isa = PBXFileReference; fileEncoding = 4; lastKnownFileType = sourcecode.swift; path = Datos.swift; sourceTree = "<group>"; };
		A495AC8E1CA8F19000A53AD5 /* MyPlayground.playground */ = {isa = PBXFileReference; lastKnownFileType = file.playground; path = MyPlayground.playground; sourceTree = "<group>"; };
/* End PBXFileReference section */

/* Begin PBXFrameworksBuildPhase section */
		A495AC661CA8E5A000A53AD5 /* Frameworks */ = {
			isa = PBXFrameworksBuildPhase;
			buildActionMask = 2147483647;
			files = (
			);
			runOnlyForDeploymentPostprocessing = 0;
		};
		A495AC7A1CA8E5AA00A53AD5 /* Frameworks */ = {
			isa = PBXFrameworksBuildPhase;
			buildActionMask = 2147483647;
			files = (
			);
			runOnlyForDeploymentPostprocessing = 0;
		};
/* End PBXFrameworksBuildPhase section */

/* Begin PBXGroup section */
		A495AC601CA8E59F00A53AD5 = {
			isa = PBXGroup;
			children = (
				A495AC6B1CA8E5A100A53AD5 /* burgers */,
				A495AC801CA8E5AA00A53AD5 /* burgersTests */,
				A495AC6A1CA8E5A100A53AD5 /* Products */,
			);
			sourceTree = "<group>";
		};
		A495AC6A1CA8E5A100A53AD5 /* Products */ = {
			isa = PBXGroup;
			children = (
				A495AC691CA8E5A100A53AD5 /* burgers.app */,
				A495AC7D1CA8E5AA00A53AD5 /* burgersTests.xctest */,
			);
			name = Products;
			sourceTree = "<group>";
		};
		A495AC6B1CA8E5A100A53AD5 /* burgers */ = {
			isa = PBXGroup;
			children = (
				A495AC6C1CA8E5A200A53AD5 /* AppDelegate.swift */,
				A495AC6E1CA8E5A200A53AD5 /* ViewController.swift */,
				A495AC701CA8E5A300A53AD5 /* Main.storyboard */,
				A495AC731CA8E5A500A53AD5 /* Assets.xcassets */,
				A495AC751CA8E5A500A53AD5 /* LaunchScreen.storyboard */,
				A495AC781CA8E5A700A53AD5 /* Info.plist */,
				A495AC8C1CA8E82200A53AD5 /* Datos.swift */,
				A495AC8E1CA8F19000A53AD5 /* MyPlayground.playground */,
			);
			path = burgers;
			sourceTree = "<group>";
		};
		A495AC801CA8E5AA00A53AD5 /* burgersTests */ = {
			isa = PBXGroup;
			children = (
				A495AC811CA8E5AA00A53AD5 /* burgersTests.swift */,
				A495AC831CA8E5AB00A53AD5 /* Info.plist */,
			);
			path = burgersTests;
			sourceTree = "<group>";
		};
/* End PBXGroup section */

/* Begin PBXNativeTarget section */
		A495AC681CA8E5A000A53AD5 /* burgers */ = {
			isa = PBXNativeTarget;
			buildConfigurationList = A495AC861CA8E5AB00A53AD5 /* Build configuration list for PBXNativeTarget "burgers" */;
			buildPhases = (
				A495AC651CA8E5A000A53AD5 /* Sources */,
				A495AC661CA8E5A000A53AD5 /* Frameworks */,
				A495AC671CA8E5A000A53AD5 /* Resources */,
			);
			buildRules = (
			);
			dependencies = (
			);
			name = burgers;
			productName = burgers;
			productReference = A495AC691CA8E5A100A53AD5 /* burgers.app */;
			productType = "com.apple.product-type.application";
		};
		A495AC7C1CA8E5AA00A53AD5 /* burgersTests */ = {
			isa = PBXNativeTarget;
			buildConfigurationList = A495AC891CA8E5AB00A53AD5 /* Build configuration list for PBXNativeTarget "burgersTests" */;
			buildPhases = (
				A495AC791CA8E5AA00A53AD5 /* Sources */,
				A495AC7A1CA8E5AA00A53AD5 /* Frameworks */,
				A495AC7B1CA8E5AA00A53AD5 /* Resources */,
			);
			buildRules = (
			);
			dependencies = (
				A495AC7F1CA8E5AA00A53AD5 /* PBXTargetDependency */,
			);
			name = burgersTests;
			productName = burgersTests;
			productReference = A495AC7D1CA8E5AA00A53AD5 /* burgersTests.xctest */;
			productType = "com.apple.product-type.bundle.unit-test";
		};
/* End PBXNativeTarget section */

/* Begin PBXProject section */
		A495AC611CA8E59F00A53AD5 /* Project object */ = {
			isa = PBXProject;
			attributes = {
				LastSwiftUpdateCheck = 0720;
				LastUpgradeCheck = 0720;
				ORGANIZATIONNAME = "Pedro Abraham Moreno Vazquez";
				TargetAttributes = {
					A495AC681CA8E5A000A53AD5 = {
						CreatedOnToolsVersion = 7.2;
						DevelopmentTeam = L9VBZ95MPJ;
					};
					A495AC7C1CA8E5AA00A53AD5 = {
						CreatedOnToolsVersion = 7.2;
						DevelopmentTeam = L9VBZ95MPJ;
						TestTargetID = A495AC681CA8E5A000A53AD5;
					};
				};
			};
			buildConfigurationList = A495AC641CA8E59F00A53AD5 /* Build configuration list for PBXProject "burgers" */;
			compatibilityVersion = "Xcode 3.2";
			developmentRegion = English;
			hasScannedForEncodings = 0;
			knownRegions = (
				en,
				Base,
			);
			mainGroup = A495AC601CA8E59F00A53AD5;
			productRefGroup = A495AC6A1CA8E5A100A53AD5 /* Products */;
			projectDirPath = "";
			projectRoot = "";
			targets = (
				A495AC681CA8E5A000A53AD5 /* burgers */,
				A495AC7C1CA8E5AA00A53AD5 /* burgersTests */,
			);
		};
/* End PBXProject section */

/* Begin PBXResourcesBuildPhase section */
		A495AC671CA8E5A000A53AD5 /* Resources */ = {
			isa = PBXResourcesBuildPhase;
			buildActionMask = 2147483647;
			files = (
				A495AC771CA8E5A500A53AD5 /* LaunchScreen.storyboard in Resources */,
				A495AC741CA8E5A500A53AD5 /* Assets.xcassets in Resources */,
				A495AC721CA8E5A300A53AD5 /* Main.storyboard in Resources */,
			);
			runOnlyForDeploymentPostprocessing = 0;
		};
		A495AC7B1CA8E5AA00A53AD5 /* Resources */ = {
			isa = PBXResourcesBuildPhase;
			buildActionMask = 2147483647;
			files = (
			);
			runOnlyForDeploymentPostprocessing = 0;
		};
/* End PBXResourcesBuildPhase section */

/* Begin PBXSourcesBuildPhase section */
		A495AC651CA8E5A000A53AD5 /* Sources */ = {
			isa = PBXSourcesBuildPhase;
			buildActionMask = 2147483647;
			files = (
				A495AC6F1CA8E5A200A53AD5 /* ViewController.swift in Sources */,
				A495AC6D1CA8E5A200A53AD5 /* AppDelegate.swift in Sources */,
				A495AC8D1CA8E82200A53AD5 /* Datos.swift in Sources */,
			);
			runOnlyForDeploymentPostprocessing = 0;
		};
		A495AC791CA8E5AA00A53AD5 /* Sources */ = {
			isa = PBXSourcesBuildPhase;
			buildActionMask = 2147483647;
			files = (
				A495AC821CA8E5AA00A53AD5 /* burgersTests.swift in Sources */,
			);
			runOnlyForDeploymentPostprocessing = 0;
		};
/* End PBXSourcesBuildPhase section */

/* Begin PBXTargetDependency section */
		A495AC7F1CA8E5AA00A53AD5 /* PBXTargetDependency */ = {
			isa = PBXTargetDependency;
			target = A495AC681CA8E5A000A53AD5 /* burgers */;
			targetProxy = A495AC7E1CA8E5AA00A53AD5 /* PBXContainerItemProxy */;
		};
/* End PBXTargetDependency section */

/* Begin PBXVariantGroup section */
		A495AC701CA8E5A300A53AD5 /* Main.storyboard */ = {
			isa = PBXVariantGroup;
			children = (
				A495AC711CA8E5A300A53AD5 /* Base */,
			);
			name = Main.storyboard;
			sourceTree = "<group>";
		};
		A495AC751CA8E5A500A53AD5 /* LaunchScreen.storyboard */ = {
			isa = PBXVariantGroup;
			children = (
				A495AC761CA8E5A500A53AD5 /* Base */,
			);
			name = LaunchScreen.storyboard;
			sourceTree = "<group>";
		};
/* End PBXVariantGroup section */

/* Begin XCBuildConfiguration section */
		A495AC841CA8E5AB00A53AD5 /* Debug */ = {
			isa = XCBuildConfiguration;
			buildSettings = {
				ALWAYS_SEARCH_USER_PATHS = NO;
				CLANG_CXX_LANGUAGE_STANDARD = "gnu++0x";
				CLANG_CXX_LIBRARY = "libc++";
				CLANG_ENABLE_MODULES = YES;
				CLANG_ENABLE_OBJC_ARC = YES;
				CLANG_WARN_BOOL_CONVERSION = YES;
				CLANG_WARN_CONSTANT_CONVERSION = YES;
				CLANG_WARN_DIRECT_OBJC_ISA_USAGE = YES_ERROR;
				CLANG_WARN_EMPTY_BODY = YES;
				CLANG_WARN_ENUM_CONVERSION = YES;
				CLANG_WARN_INT_CONVERSION = YES;
				CLANG_WARN_OBJC_ROOT_CLASS = YES_ERROR;
				CLANG_WARN_UNREACHABLE_CODE = YES;
				CLANG_WARN__DUPLICATE_METHOD_MATCH = YES;
				"CODE_SIGN_IDENTITY[sdk=iphoneos*]" = "iPhone Developer";
				COPY_PHASE_STRIP = NO;
				DEBUG_INFORMATION_FORMAT = dwarf;
				ENABLE_STRICT_OBJC_MSGSEND = YES;
				ENABLE_TESTABILITY = YES;
				GCC_C_LANGUAGE_STANDARD = gnu99;
				GCC_DYNAMIC_NO_PIC = NO;
				GCC_NO_COMMON_BLOCKS = YES;
				GCC_OPTIMIZATION_LEVEL = 0;
				GCC_PREPROCESSOR_DEFINITIONS = (
					"DEBUG=1",
					"$(inherited)",
				);
				GCC_WARN_64_TO_32_BIT_CONVERSION = YES;
				GCC_WARN_ABOUT_RETURN_TYPE = YES_ERROR;
				GCC_WARN_UNDECLARED_SELECTOR = YES;
				GCC_WARN_UNINITIALIZED_AUTOS = YES_AGGRESSIVE;
				GCC_WARN_UNUSED_FUNCTION = YES;
				GCC_WARN_UNUSED_VARIABLE = YES;
				IPHONEOS_DEPLOYMENT_TARGET = 9.2;
				MTL_ENABLE_DEBUG_INFO = YES;
				ONLY_ACTIVE_ARCH = YES;
				SDKROOT = iphoneos;
				SWIFT_OPTIMIZATION_LEVEL = "-Onone";
			};
			name = Debug;
		};
		A495AC851CA8E5AB00A53AD5 /* Release */ = {
			isa = XCBuildConfiguration;
			buildSettings = {
				ALWAYS_SEARCH_USER_PATHS = NO;
				CLANG_CXX_LANGUAGE_STANDARD = "gnu++0x";
				CLANG_CXX_LIBRARY = "libc++";
				CLANG_ENABLE_MODULES = YES;
				CLANG_ENABLE_OBJC_ARC = YES;
				CLANG_WARN_BOOL_CONVERSION = YES;
				CLANG_WARN_CONSTANT_CONVERSION = YES;
				CLANG_WARN_DIRECT_OBJC_ISA_USAGE = YES_ERROR;
				CLANG_WARN_EMPTY_BODY = YES;
				CLANG_WARN_ENUM_CONVERSION = YES;
				CLANG_WARN_INT_CONVERSION = YES;
				CLANG_WARN_OBJC_ROOT_CLASS = YES_ERROR;
				CLANG_WARN_UNREACHABLE_CODE = YES;
				CLANG_WARN__DUPLICATE_METHOD_MATCH = YES;
				"CODE_SIGN_IDENTITY[sdk=iphoneos*]" = "iPhone Developer";
				COPY_PHASE_STRIP = NO;
				DEBUG_INFORMATION_FORMAT = "dwarf-with-dsym";
				ENABLE_NS_ASSERTIONS = NO;
				ENABLE_STRICT_OBJC_MSGSEND = YES;
				GCC_C_LANGUAGE_STANDARD = gnu99;
				GCC_NO_COMMON_BLOCKS = YES;
				GCC_WARN_64_TO_32_BIT_CONVERSION = YES;
				GCC_WARN_ABOUT_RETURN_TYPE = YES_ERROR;
				GCC_WARN_UNDECLARED_SELECTOR = YES;
				GCC_WARN_UNINITIALIZED_AUTOS = YES_AGGRESSIVE;
				GCC_WARN_UNUSED_FUNCTION = YES;
				GCC_WARN_UNUSED_VARIABLE = YES;
				IPHONEOS_DEPLOYMENT_TARGET = 9.2;
				MTL_ENABLE_DEBUG_INFO = NO;
				SDKROOT = iphoneos;
				VALIDATE_PRODUCT = YES;
			};
			name = Release;
		};
		A495AC871CA8E5AB00A53AD5 /* Debug */ = {
			isa = XCBuildConfiguration;
			buildSettings = {
				ASSETCATALOG_COMPILER_APPICON_NAME = AppIcon;
				INFOPLIST_FILE = burgers/Info.plist;
				LD_RUNPATH_SEARCH_PATHS = "$(inherited) @executable_path/Frameworks";
				PRODUCT_BUNDLE_IDENTIFIER = c.burgers;
				PRODUCT_NAME = "$(TARGET_NAME)";
			};
			name = Debug;
		};
		A495AC881CA8E5AB00A53AD5 /* Release */ = {
			isa = XCBuildConfiguration;
			buildSettings = {
				ASSETCATALOG_COMPILER_APPICON_NAME = AppIcon;
				INFOPLIST_FILE = burgers/Info.plist;
				LD_RUNPATH_SEARCH_PATHS = "$(inherited) @executable_path/Frameworks";
				PRODUCT_BUNDLE_IDENTIFIER = c.burgers;
				PRODUCT_NAME = "$(TARGET_NAME)";
			};
			name = Release;
		};
		A495AC8A1CA8E5AB00A53AD5 /* Debug */ = {
			isa = XCBuildConfiguration;
			buildSettings = {
				BUNDLE_LOADER = "$(TEST_HOST)";
				INFOPLIST_FILE = burgersTests/Info.plist;
				LD_RUNPATH_SEARCH_PATHS = "$(inherited) @executable_path/Frameworks @loader_path/Frameworks";
				PRODUCT_BUNDLE_IDENTIFIER = c.burgersTests;
				PRODUCT_NAME = "$(TARGET_NAME)";
				TEST_HOST = "$(BUILT_PRODUCTS_DIR)/burgers.app/burgers";
			};
			name = Debug;
		};
		A495AC8B1CA8E5AB00A53AD5 /* Release */ = {
			isa = XCBuildConfiguration;
			buildSettings = {
				BUNDLE_LOADER = "$(TEST_HOST)";
				INFOPLIST_FILE = burgersTests/Info.plist;
				LD_RUNPATH_SEARCH_PATHS = "$(inherited) @executable_path/Frameworks @loader_path/Frameworks";
				PRODUCT_BUNDLE_IDENTIFIER = c.burgersTests;
				PRODUCT_NAME = "$(TARGET_NAME)";
				TEST_HOST = "$(BUILT_PRODUCTS_DIR)/burgers.app/burgers";
			};
			name = Release;
		};
/* End XCBuildConfiguration section */

/* Begin XCConfigurationList section */
		A495AC641CA8E59F00A53AD5 /* Build configuration list for PBXProject "burgers" */ = {
			isa = XCConfigurationList;
			buildConfigurations = (
				A495AC841CA8E5AB00A53AD5 /* Debug */,
				A495AC851CA8E5AB00A53AD5 /* Release */,
			);
			defaultConfigurationIsVisible = 0;
			defaultConfigurationName = Release;
		};
		A495AC861CA8E5AB00A53AD5 /* Build configuration list for PBXNativeTarget "burgers" */ = {
			isa = XCConfigurationList;
			buildConfigurations = (
				A495AC871CA8E5AB00A53AD5 /* Debug */,
				A495AC881CA8E5AB00A53AD5 /* Release */,
			);
			defaultConfigurationIsVisible = 0;
		};
		A495AC891CA8E5AB00A53AD5 /* Build configuration list for PBXNativeTarget "burgersTests" */ = {
			isa = XCConfigurationList;
			buildConfigurations = (
				A495AC8A1CA8E5AB00A53AD5 /* Debug */,
				A495AC8B1CA8E5AB00A53AD5 /* Release */,
			);
			defaultConfigurationIsVisible = 0;
		};
/* End XCConfigurationList section */
	};
	rootObject = A495AC611CA8E59F00A53AD5 /* Project object */;
}
